
Microsoft Visual Studio Solution File, Format Version 12.00
# Visual Studio 14
VisualStudioVersion = 14.0.23107.0
MinimumVisualStudioVersion = 10.0.40219.1
Project("{FAE04EC0-301F-11D3-BF4B-00C04F79EFBC}") = "GitLogExporterCLI", "GitLogExporterCLI\GitLogExporterCLI.csproj", "{4B794BB4-A885-4D57-B3C3-00070D555AB8}"
EndProject
Project("{FAE04EC0-301F-11D3-BF4B-00C04F79EFBC}") = "GitLogExporterGUI", "GitLogExporterGUI\GitLogExporterGUI.csproj", "{EF4306D6-966A-4E03-BCCC-53ED60EB0AF1}"
EndProject
Project("{FAE04EC0-301F-11D3-BF4B-00C04F79EFBC}") = "GitLogExporterCore", "GitLogExporterCore\GitLogExporterCore.csproj", "{AB0B2B82-E96D-442F-8534-FA78C753AFBA}"
EndProject
Global
	GlobalSection(SolutionConfigurationPlatforms) = preSolution
		Debug|Any CPU = Debug|Any CPU
		Release|Any CPU = Release|Any CPU
	EndGlobalSection
	GlobalSection(ProjectConfigurationPlatforms) = postSolution
		{4B794BB4-A885-4D57-B3C3-00070D555AB8}.Debug|Any CPU.ActiveCfg = Debug|Any CPU
		{4B794BB4-A885-4D57-B3C3-00070D555AB8}.Debug|Any CPU.Build.0 = Debug|Any CPU
		{4B794BB4-A885-4D57-B3C3-00070D555AB8}.Release|Any CPU.ActiveCfg = Release|Any CPU
		{4B794BB4-A885-4D57-B3C3-00070D555AB8}.Release|Any CPU.Build.0 = Release|Any CPU
		{EF4306D6-966A-4E03-BCCC-53ED60EB0AF1}.Debug|Any CPU.ActiveCfg = Debug|Any CPU
		{EF4306D6-966A-4E03-BCCC-53ED60EB0AF1}.Debug|Any CPU.Build.0 = Debug|Any CPU
		{EF4306D6-966A-4E03-BCCC-53ED60EB0AF1}.Release|Any CPU.ActiveCfg = Release|Any CPU
		{EF4306D6-966A-4E03-BCCC-53ED60EB0AF1}.Release|Any CPU.Build.0 = Release|Any CPU
		{AB0B2B82-E96D-442F-8534-FA78C753AFBA}.Debug|Any CPU.ActiveCfg = Debug|Any CPU
		{AB0B2B82-E96D-442F-8534-FA78C753AFBA}.Debug|Any CPU.Build.0 = Debug|Any CPU
		{AB0B2B82-E96D-442F-8534-FA78C753AFBA}.Release|Any CPU.ActiveCfg = Release|Any CPU
		{AB0B2B82-E96D-442F-8534-FA78C753AFBA}.Release|Any CPU.Build.0 = Release|Any CPU
	EndGlobalSection
	GlobalSection(SolutionProperties) = preSolution
		HideSolutionNode = FALSE
	EndGlobalSection
EndGlobal
